
Microsoft Visual Studio Solution File, Format Version 12.00
# Visual Studio Version 17
VisualStudioVersion = 17.9.34622.214
MinimumVisualStudioVersion = 10.0.40219.1
Project("{FAE04EC0-301F-11D3-BF4B-00C04F79EFBC}") = "Lista1.4", "Lista1.4\Lista1.4.csproj", "{D0F14504-8A5C-4BFA-A69E-EC49868776D9}"
EndProject
Global
	GlobalSection(SolutionConfigurationPlatforms) = preSolution
		Debug|Any CPU = Debug|Any CPU
		Release|Any CPU = Release|Any CPU
	EndGlobalSection
	GlobalSection(ProjectConfigurationPlatforms) = postSolution
		{D0F14504-8A5C-4BFA-A69E-EC49868776D9}.Debug|Any CPU.ActiveCfg = Debug|Any CPU
		{D0F14504-8A5C-4BFA-A69E-EC49868776D9}.Debug|Any CPU.Build.0 = Debug|Any CPU
		{D0F14504-8A5C-4BFA-A69E-EC49868776D9}.Release|Any CPU.ActiveCfg = Release|Any CPU
		{D0F14504-8A5C-4BFA-A69E-EC49868776D9}.Release|Any CPU.Build.0 = Release|Any CPU
	EndGlobalSection
	GlobalSection(SolutionProperties) = preSolution
		HideSolutionNode = FALSE
	EndGlobalSection
	GlobalSection(ExtensibilityGlobals) = postSolution
		SolutionGuid = {D0B92E35-0B34-4A66-94CA-E1E06AADB5F7}
	EndGlobalSection
EndGlobal
